
Microsoft Visual Studio Solution File, Format Version 12.00
# Visual Studio 14
VisualStudioVersion = 14.0.25123.0
MinimumVisualStudioVersion = 10.0.40219.1
Project("{FAE04EC0-301F-11D3-BF4B-00C04F79EFBC}") = "InfluxDb", "InfluxDb\InfluxDb.csproj", "{8233A3EE-5769-4E9C-B30D-2005AC3720CE}"
EndProject
Project("{FAE04EC0-301F-11D3-BF4B-00C04F79EFBC}") = "Example", "Example\Example.csproj", "{FEACCDB4-F194-4D2F-9B84-C10A9FE47A0B}"
	ProjectSection(ProjectDependencies) = postProject
		{8233A3EE-5769-4E9C-B30D-2005AC3720CE} = {8233A3EE-5769-4E9C-B30D-2005AC3720CE}
	EndProjectSection
EndProject
Project("{FAE04EC0-301F-11D3-BF4B-00C04F79EFBC}") = "Benchmarks", "Benchmarks\Benchmarks.csproj", "{89AEAB31-E1B4-40CB-B1B1-177E7B106CA4}"
EndProject
Project("{2150E333-8FDC-42A3-9474-1A3956D46DE8}") = "Solution Items", "Solution Items", "{ACB7F842-F726-4DBC-A32E-13A6D84B5FAB}"
	ProjectSection(SolutionItems) = preProject
		Performance1.psess = Performance1.psess
	EndProjectSection
EndProject
Global
	GlobalSection(Performance) = preSolution
		HasPerformanceSessions = true
	EndGlobalSection
	GlobalSection(SolutionConfigurationPlatforms) = preSolution
		Debug|Any CPU = Debug|Any CPU
		Release|Any CPU = Release|Any CPU
	EndGlobalSection
	GlobalSection(ProjectConfigurationPlatforms) = postSolution
		{8233A3EE-5769-4E9C-B30D-2005AC3720CE}.Debug|Any CPU.ActiveCfg = Debug|Any CPU
		{8233A3EE-5769-4E9C-B30D-2005AC3720CE}.Debug|Any CPU.Build.0 = Debug|Any CPU
		{8233A3EE-5769-4E9C-B30D-2005AC3720CE}.Release|Any CPU.ActiveCfg = Release|Any CPU
		{8233A3EE-5769-4E9C-B30D-2005AC3720CE}.Release|Any CPU.Build.0 = Release|Any CPU
		{FEACCDB4-F194-4D2F-9B84-C10A9FE47A0B}.Debug|Any CPU.ActiveCfg = Debug|Any CPU
		{FEACCDB4-F194-4D2F-9B84-C10A9FE47A0B}.Debug|Any CPU.Build.0 = Debug|Any CPU
		{FEACCDB4-F194-4D2F-9B84-C10A9FE47A0B}.Release|Any CPU.ActiveCfg = Release|Any CPU
		{FEACCDB4-F194-4D2F-9B84-C10A9FE47A0B}.Release|Any CPU.Build.0 = Release|Any CPU
		{89AEAB31-E1B4-40CB-B1B1-177E7B106CA4}.Debug|Any CPU.ActiveCfg = Debug|Any CPU
		{89AEAB31-E1B4-40CB-B1B1-177E7B106CA4}.Debug|Any CPU.Build.0 = Debug|Any CPU
		{89AEAB31-E1B4-40CB-B1B1-177E7B106CA4}.Release|Any CPU.ActiveCfg = Release|Any CPU
		{89AEAB31-E1B4-40CB-B1B1-177E7B106CA4}.Release|Any CPU.Build.0 = Release|Any CPU
	EndGlobalSection
	GlobalSection(SolutionProperties) = preSolution
		HideSolutionNode = FALSE
	EndGlobalSection
EndGlobal
